
Microsoft Visual Studio Solution File, Format Version 12.00
# Visual Studio Version 16
VisualStudioVersion = 16.0.32126.315
MinimumVisualStudioVersion = 10.0.40219.1
Project("{FAE04EC0-301F-11D3-BF4B-00C04F79EFBC}") = "virtulib-project", "virtulib-project.csproj", "{519DAA0C-3599-4BB8-BD79-C725FE6B90F8}"
EndProject
Global
	GlobalSection(SolutionConfigurationPlatforms) = preSolution
		Debug|Any CPU = Debug|Any CPU
		Release|Any CPU = Release|Any CPU
	EndGlobalSection
	GlobalSection(ProjectConfigurationPlatforms) = postSolution
		{519DAA0C-3599-4BB8-BD79-C725FE6B90F8}.Debug|Any CPU.ActiveCfg = Debug|Any CPU
		{519DAA0C-3599-4BB8-BD79-C725FE6B90F8}.Debug|Any CPU.Build.0 = Debug|Any CPU
		{519DAA0C-3599-4BB8-BD79-C725FE6B90F8}.Release|Any CPU.ActiveCfg = Release|Any CPU
		{519DAA0C-3599-4BB8-BD79-C725FE6B90F8}.Release|Any CPU.Build.0 = Release|Any CPU
	EndGlobalSection
	GlobalSection(SolutionProperties) = preSolution
		HideSolutionNode = FALSE
	EndGlobalSection
	GlobalSection(ExtensibilityGlobals) = postSolution
		SolutionGuid = {4871C58C-F184-44FC-B3E6-E7C0F2175465}
	EndGlobalSection
EndGlobal
